
Microsoft Visual Studio Solution File, Format Version 12.00
# Visual Studio 2013
VisualStudioVersion = 12.0.40629.0
MinimumVisualStudioVersion = 10.0.40219.1
Project("{FAE04EC0-301F-11D3-BF4B-00C04F79EFBC}") = "Lithnet.Acma", "Lithnet.Acma\Lithnet.Acma.csproj", "{21A9F51A-52C1-40D5-A80A-C474A186B6E0}"
EndProject
Project("{FAE04EC0-301F-11D3-BF4B-00C04F79EFBC}") = "Lithnet.Acma.Presentation", "Lithnet.Acma.Presentation\Lithnet.Acma.Presentation.csproj", "{A730A740-B611-4CEB-B76D-DEE86239E0EA}"
EndProject
Project("{FAE04EC0-301F-11D3-BF4B-00C04F79EFBC}") = "Lithnet.Acma.PS", "Lithnet.Acma.PS\Lithnet.Acma.PS.csproj", "{BC9C0BE7-605F-4E6E-A1E7-1946A8E441EC}"
EndProject
Project("{FAE04EC0-301F-11D3-BF4B-00C04F79EFBC}") = "Lithnet.Acma.TestEngine", "Lithnet.Acma.TestEngine\Lithnet.Acma.TestEngine.csproj", "{04CD3287-E3E0-4B53-AD70-0452C1CC1621}"
EndProject
Project("{FAE04EC0-301F-11D3-BF4B-00C04F79EFBC}") = "Lithnet.Acma.UnitTests", "Lithnet.Acma.UnitTests\Lithnet.Acma.UnitTests.csproj", "{66C4C284-2005-4319-9099-CCDDC3445D90}"
EndProject
Project("{FAE04EC0-301F-11D3-BF4B-00C04F79EFBC}") = "Lithnet.Acma.Editor", "Lithnet.Acma.Editor\Lithnet.Acma.Editor.csproj", "{09BC0C6B-C3D0-42DF-B1E1-E3E3310A3E86}"
EndProject
Project("{00D1A9C2-B5F0-4AF3-8072-F6C62B433612}") = "Lithnet.Acma.Database", "Lithnet.Acma.Database\Lithnet.Acma.Database.sqlproj", "{91FED35B-B393-4082-94AF-6084614AAEDC}"
EndProject
Project("{FAE04EC0-301F-11D3-BF4B-00C04F79EFBC}") = "Lithnet.Acma.TestEngine.UnitTests", "Lithnet.Acma.TestEngine.UnitTests\Lithnet.Acma.TestEngine.UnitTests.csproj", "{ED191C16-EE47-4DA6-9DA4-AF805B25CDC3}"
EndProject
Project("{2150E333-8FDC-42A3-9474-1A3956D46DE8}") = "Samples", "Samples", "{B5B0DF8A-9012-49A2-AB5F-B1C159C713D5}"
EndProject
Project("{2150E333-8FDC-42A3-9474-1A3956D46DE8}") = "ExtensibleEvents", "ExtensibleEvents", "{A2BCF20F-D411-4243-B341-3D944BF6166F}"
EndProject
Project("{FAE04EC0-301F-11D3-BF4B-00C04F79EFBC}") = "ExtensibleExitEventSample", "Samples\ExtensibleExitEventSample\ExtensibleExitEventSample.csproj", "{530FCA6F-F3C8-401B-8235-73353CF96884}"
EndProject
Project("{FAE04EC0-301F-11D3-BF4B-00C04F79EFBC}") = "Lithnet.Acma.Ecma2", "Lithnet.Acma.Ecma2\Lithnet.Acma.Ecma2.csproj", "{D6D8E77F-4B97-4D99-916C-CDF81935DD79}"
EndProject
Project("{FAE04EC0-301F-11D3-BF4B-00C04F79EFBC}") = "Lithnet.Acma.Service", "Lithnet.Acma.Service\Lithnet.Acma.Service.csproj", "{CC2BC865-4E25-4234-A932-B9F25494FF2A}"
EndProject
Project("{930C7802-8A8C-48F9-8165-68863BCCD9DD}") = "Lithnet.Acma.Installer", "Lithnet.Acma.Installer\Lithnet.Acma.Installer.wixproj", "{A439C972-4A5D-419E-AC40-F3912E2A6DFA}"
EndProject
Project("{FAE04EC0-301F-11D3-BF4B-00C04F79EFBC}") = "Lithnet.Acma.Installer.CustomActions", "Lithnet.Acma.Installer.CustomActions\Lithnet.Acma.Installer.CustomActions.csproj", "{25F78609-0F2D-4139-8DB5-6A4CDFC18EAD}"
EndProject
Project("{FAE04EC0-301F-11D3-BF4B-00C04F79EFBC}") = "Lithnet.Acma.ServiceModel.Sync", "Lithnet.Acma.ServiceModel.Sync\Lithnet.Acma.ServiceModel.Sync.csproj", "{87C82689-3A39-4FDC-A3B6-5D6140EC22B1}"
EndProject
Project("{FAE04EC0-301F-11D3-BF4B-00C04F79EFBC}") = "Lithnet.Acma.ServiceModel.Client", "Lithnet.Acma.ServiceModel.Client\Lithnet.Acma.ServiceModel.Client.csproj", "{753364AA-9E05-4389-91D2-DC86EE453DEB}"
EndProject
Global
	GlobalSection(SolutionConfigurationPlatforms) = preSolution
		Debug|Any CPU = Debug|Any CPU
		Debug|Mixed Platforms = Debug|Mixed Platforms
		Debug|x64 = Debug|x64
		Debug|x86 = Debug|x86
		Release|Any CPU = Release|Any CPU
		Release|Mixed Platforms = Release|Mixed Platforms
		Release|x64 = Release|x64
		Release|x86 = Release|x86
	EndGlobalSection
	GlobalSection(ProjectConfigurationPlatforms) = postSolution
		{21A9F51A-52C1-40D5-A80A-C474A186B6E0}.Debug|Any CPU.ActiveCfg = Debug|Any CPU
		{21A9F51A-52C1-40D5-A80A-C474A186B6E0}.Debug|Any CPU.Build.0 = Debug|Any CPU
		{21A9F51A-52C1-40D5-A80A-C474A186B6E0}.Debug|Mixed Platforms.ActiveCfg = Debug|Any CPU
		{21A9F51A-52C1-40D5-A80A-C474A186B6E0}.Debug|Mixed Platforms.Build.0 = Debug|Any CPU
		{21A9F51A-52C1-40D5-A80A-C474A186B6E0}.Debug|x64.ActiveCfg = Debug|Any CPU
		{21A9F51A-52C1-40D5-A80A-C474A186B6E0}.Debug|x86.ActiveCfg = Debug|Any CPU
		{21A9F51A-52C1-40D5-A80A-C474A186B6E0}.Release|Any CPU.ActiveCfg = Release|Any CPU
		{21A9F51A-52C1-40D5-A80A-C474A186B6E0}.Release|Any CPU.Build.0 = Release|Any CPU
		{21A9F51A-52C1-40D5-A80A-C474A186B6E0}.Release|Mixed Platforms.ActiveCfg = Release|Any CPU
		{21A9F51A-52C1-40D5-A80A-C474A186B6E0}.Release|Mixed Platforms.Build.0 = Release|Any CPU
		{21A9F51A-52C1-40D5-A80A-C474A186B6E0}.Release|x64.ActiveCfg = Release|Any CPU
		{21A9F51A-52C1-40D5-A80A-C474A186B6E0}.Release|x86.ActiveCfg = Release|Any CPU
		{A730A740-B611-4CEB-B76D-DEE86239E0EA}.Debug|Any CPU.ActiveCfg = Debug|Any CPU
		{A730A740-B611-4CEB-B76D-DEE86239E0EA}.Debug|Any CPU.Build.0 = Debug|Any CPU
		{A730A740-B611-4CEB-B76D-DEE86239E0EA}.Debug|Mixed Platforms.ActiveCfg = Debug|Any CPU
		{A730A740-B611-4CEB-B76D-DEE86239E0EA}.Debug|Mixed Platforms.Build.0 = Debug|Any CPU
		{A730A740-B611-4CEB-B76D-DEE86239E0EA}.Debug|x64.ActiveCfg = Debug|Any CPU
		{A730A740-B611-4CEB-B76D-DEE86239E0EA}.Debug|x86.ActiveCfg = Debug|Any CPU
		{A730A740-B611-4CEB-B76D-DEE86239E0EA}.Release|Any CPU.ActiveCfg = Release|Any CPU
		{A730A740-B611-4CEB-B76D-DEE86239E0EA}.Release|Any CPU.Build.0 = Release|Any CPU
		{A730A740-B611-4CEB-B76D-DEE86239E0EA}.Release|Mixed Platforms.ActiveCfg = Release|Any CPU
		{A730A740-B611-4CEB-B76D-DEE86239E0EA}.Release|Mixed Platforms.Build.0 = Release|Any CPU
		{A730A740-B611-4CEB-B76D-DEE86239E0EA}.Release|x64.ActiveCfg = Release|Any CPU
		{A730A740-B611-4CEB-B76D-DEE86239E0EA}.Release|x86.ActiveCfg = Release|Any CPU
		{BC9C0BE7-605F-4E6E-A1E7-1946A8E441EC}.Debug|Any CPU.ActiveCfg = Debug|Any CPU
		{BC9C0BE7-605F-4E6E-A1E7-1946A8E441EC}.Debug|Any CPU.Build.0 = Debug|Any CPU
		{BC9C0BE7-605F-4E6E-A1E7-1946A8E441EC}.Debug|Mixed Platforms.ActiveCfg = Debug|Any CPU
		{BC9C0BE7-605F-4E6E-A1E7-1946A8E441EC}.Debug|Mixed Platforms.Build.0 = Debug|Any CPU
		{BC9C0BE7-605F-4E6E-A1E7-1946A8E441EC}.Debug|x64.ActiveCfg = Debug|x64
		{BC9C0BE7-605F-4E6E-A1E7-1946A8E441EC}.Debug|x64.Build.0 = Debug|x64
		{BC9C0BE7-605F-4E6E-A1E7-1946A8E441EC}.Debug|x86.ActiveCfg = Debug|Any CPU
		{BC9C0BE7-605F-4E6E-A1E7-1946A8E441EC}.Release|Any CPU.ActiveCfg = Release|Any CPU
		{BC9C0BE7-605F-4E6E-A1E7-1946A8E441EC}.Release|Any CPU.Build.0 = Release|Any CPU
		{BC9C0BE7-605F-4E6E-A1E7-1946A8E441EC}.Release|Mixed Platforms.ActiveCfg = Release|Any CPU
		{BC9C0BE7-605F-4E6E-A1E7-1946A8E441EC}.Release|Mixed Platforms.Build.0 = Release|Any CPU
		{BC9C0BE7-605F-4E6E-A1E7-1946A8E441EC}.Release|x64.ActiveCfg = Release|x64
		{BC9C0BE7-605F-4E6E-A1E7-1946A8E441EC}.Release|x64.Build.0 = Release|x64
		{BC9C0BE7-605F-4E6E-A1E7-1946A8E441EC}.Release|x86.ActiveCfg = Release|Any CPU
		{04CD3287-E3E0-4B53-AD70-0452C1CC1621}.Debug|Any CPU.ActiveCfg = Debug|Any CPU
		{04CD3287-E3E0-4B53-AD70-0452C1CC1621}.Debug|Any CPU.Build.0 = Debug|Any CPU
		{04CD3287-E3E0-4B53-AD70-0452C1CC1621}.Debug|Mixed Platforms.ActiveCfg = Debug|Any CPU
		{04CD3287-E3E0-4B53-AD70-0452C1CC1621}.Debug|Mixed Platforms.Build.0 = Debug|Any CPU
		{04CD3287-E3E0-4B53-AD70-0452C1CC1621}.Debug|x64.ActiveCfg = Debug|Any CPU
		{04CD3287-E3E0-4B53-AD70-0452C1CC1621}.Debug|x86.ActiveCfg = Debug|Any CPU
		{04CD3287-E3E0-4B53-AD70-0452C1CC1621}.Release|Any CPU.ActiveCfg = Release|Any CPU
		{04CD3287-E3E0-4B53-AD70-0452C1CC1621}.Release|Any CPU.Build.0 = Release|Any CPU
		{04CD3287-E3E0-4B53-AD70-0452C1CC1621}.Release|Mixed Platforms.ActiveCfg = Release|Any CPU
		{04CD3287-E3E0-4B53-AD70-0452C1CC1621}.Release|Mixed Platforms.Build.0 = Release|Any CPU
		{04CD3287-E3E0-4B53-AD70-0452C1CC1621}.Release|x64.ActiveCfg = Release|Any CPU
		{04CD3287-E3E0-4B53-AD70-0452C1CC1621}.Release|x86.ActiveCfg = Release|Any CPU
		{66C4C284-2005-4319-9099-CCDDC3445D90}.Debug|Any CPU.ActiveCfg = Debug|Any CPU
		{66C4C284-2005-4319-9099-CCDDC3445D90}.Debug|Any CPU.Build.0 = Debug|Any CPU
		{66C4C284-2005-4319-9099-CCDDC3445D90}.Debug|Mixed Platforms.ActiveCfg = Debug|Any CPU
		{66C4C284-2005-4319-9099-CCDDC3445D90}.Debug|Mixed Platforms.Build.0 = Debug|Any CPU
		{66C4C284-2005-4319-9099-CCDDC3445D90}.Debug|x64.ActiveCfg = Debug|Any CPU
		{66C4C284-2005-4319-9099-CCDDC3445D90}.Debug|x86.ActiveCfg = Debug|Any CPU
		{66C4C284-2005-4319-9099-CCDDC3445D90}.Release|Any CPU.ActiveCfg = Release|Any CPU
		{66C4C284-2005-4319-9099-CCDDC3445D90}.Release|Any CPU.Build.0 = Release|Any CPU
		{66C4C284-2005-4319-9099-CCDDC3445D90}.Release|Mixed Platforms.ActiveCfg = Release|Any CPU
		{66C4C284-2005-4319-9099-CCDDC3445D90}.Release|Mixed Platforms.Build.0 = Release|Any CPU
		{66C4C284-2005-4319-9099-CCDDC3445D90}.Release|x64.ActiveCfg = Release|Any CPU
		{66C4C284-2005-4319-9099-CCDDC3445D90}.Release|x86.ActiveCfg = Release|Any CPU
		{09BC0C6B-C3D0-42DF-B1E1-E3E3310A3E86}.Debug|Any CPU.ActiveCfg = Debug|Any CPU
		{09BC0C6B-C3D0-42DF-B1E1-E3E3310A3E86}.Debug|Any CPU.Build.0 = Debug|Any CPU
		{09BC0C6B-C3D0-42DF-B1E1-E3E3310A3E86}.Debug|Mixed Platforms.ActiveCfg = Debug|Any CPU
		{09BC0C6B-C3D0-42DF-B1E1-E3E3310A3E86}.Debug|Mixed Platforms.Build.0 = Debug|Any CPU
		{09BC0C6B-C3D0-42DF-B1E1-E3E3310A3E86}.Debug|x64.ActiveCfg = Debug|Any CPU
		{09BC0C6B-C3D0-42DF-B1E1-E3E3310A3E86}.Debug|x86.ActiveCfg = Debug|Any CPU
		{09BC0C6B-C3D0-42DF-B1E1-E3E3310A3E86}.Release|Any CPU.ActiveCfg = Release|Any CPU
		{09BC0C6B-C3D0-42DF-B1E1-E3E3310A3E86}.Release|Any CPU.Build.0 = Release|Any CPU
		{09BC0C6B-C3D0-42DF-B1E1-E3E3310A3E86}.Release|Mixed Platforms.ActiveCfg = Release|Any CPU
		{09BC0C6B-C3D0-42DF-B1E1-E3E3310A3E86}.Release|Mixed Platforms.Build.0 = Release|Any CPU
		{09BC0C6B-C3D0-42DF-B1E1-E3E3310A3E86}.Release|x64.ActiveCfg = Release|Any CPU
		{09BC0C6B-C3D0-42DF-B1E1-E3E3310A3E86}.Release|x86.ActiveCfg = Release|Any CPU
		{91FED35B-B393-4082-94AF-6084614AAEDC}.Debug|Any CPU.ActiveCfg = Debug|Any CPU
		{91FED35B-B393-4082-94AF-6084614AAEDC}.Debug|Mixed Platforms.ActiveCfg = Debug|Any CPU
		{91FED35B-B393-4082-94AF-6084614AAEDC}.Debug|Mixed Platforms.Build.0 = Debug|Any CPU
		{91FED35B-B393-4082-94AF-6084614AAEDC}.Debug|Mixed Platforms.Deploy.0 = Debug|Any CPU
		{91FED35B-B393-4082-94AF-6084614AAEDC}.Debug|x64.ActiveCfg = Debug|Any CPU
		{91FED35B-B393-4082-94AF-6084614AAEDC}.Debug|x86.ActiveCfg = Debug|Any CPU
		{91FED35B-B393-4082-94AF-6084614AAEDC}.Release|Any CPU.ActiveCfg = Release|Any CPU
		{91FED35B-B393-4082-94AF-6084614AAEDC}.Release|Any CPU.Build.0 = Release|Any CPU
		{91FED35B-B393-4082-94AF-6084614AAEDC}.Release|Mixed Platforms.ActiveCfg = Release|Any CPU
		{91FED35B-B393-4082-94AF-6084614AAEDC}.Release|Mixed Platforms.Build.0 = Release|Any CPU
		{91FED35B-B393-4082-94AF-6084614AAEDC}.Release|Mixed Platforms.Deploy.0 = Release|Any CPU
		{91FED35B-B393-4082-94AF-6084614AAEDC}.Release|x64.ActiveCfg = Release|Any CPU
		{91FED35B-B393-4082-94AF-6084614AAEDC}.Release|x86.ActiveCfg = Release|Any CPU
		{ED191C16-EE47-4DA6-9DA4-AF805B25CDC3}.Debug|Any CPU.ActiveCfg = Debug|Any CPU
		{ED191C16-EE47-4DA6-9DA4-AF805B25CDC3}.Debug|Any CPU.Build.0 = Debug|Any CPU
		{ED191C16-EE47-4DA6-9DA4-AF805B25CDC3}.Debug|Mixed Platforms.ActiveCfg = Debug|Any CPU
		{ED191C16-EE47-4DA6-9DA4-AF805B25CDC3}.Debug|Mixed Platforms.Build.0 = Debug|Any CPU
		{ED191C16-EE47-4DA6-9DA4-AF805B25CDC3}.Debug|x64.ActiveCfg = Debug|Any CPU
		{ED191C16-EE47-4DA6-9DA4-AF805B25CDC3}.Debug|x86.ActiveCfg = Debug|Any CPU
		{ED191C16-EE47-4DA6-9DA4-AF805B25CDC3}.Release|Any CPU.ActiveCfg = Release|Any CPU
		{ED191C16-EE47-4DA6-9DA4-AF805B25CDC3}.Release|Any CPU.Build.0 = Release|Any CPU
		{ED191C16-EE47-4DA6-9DA4-AF805B25CDC3}.Release|Mixed Platforms.ActiveCfg = Release|Any CPU
		{ED191C16-EE47-4DA6-9DA4-AF805B25CDC3}.Release|Mixed Platforms.Build.0 = Release|Any CPU
		{ED191C16-EE47-4DA6-9DA4-AF805B25CDC3}.Release|x64.ActiveCfg = Release|Any CPU
		{ED191C16-EE47-4DA6-9DA4-AF805B25CDC3}.Release|x86.ActiveCfg = Release|Any CPU
		{530FCA6F-F3C8-401B-8235-73353CF96884}.Debug|Any CPU.ActiveCfg = Debug|Any CPU
		{530FCA6F-F3C8-401B-8235-73353CF96884}.Debug|Mixed Platforms.ActiveCfg = Debug|Any CPU
		{530FCA6F-F3C8-401B-8235-73353CF96884}.Debug|x64.ActiveCfg = Debug|Any CPU
		{530FCA6F-F3C8-401B-8235-73353CF96884}.Debug|x86.ActiveCfg = Debug|Any CPU
		{530FCA6F-F3C8-401B-8235-73353CF96884}.Release|Any CPU.ActiveCfg = Release|Any CPU
		{530FCA6F-F3C8-401B-8235-73353CF96884}.Release|Any CPU.Build.0 = Release|Any CPU
		{530FCA6F-F3C8-401B-8235-73353CF96884}.Release|Mixed Platforms.ActiveCfg = Release|Any CPU
		{530FCA6F-F3C8-401B-8235-73353CF96884}.Release|Mixed Platforms.Build.0 = Release|Any CPU
		{530FCA6F-F3C8-401B-8235-73353CF96884}.Release|x64.ActiveCfg = Release|Any CPU
		{530FCA6F-F3C8-401B-8235-73353CF96884}.Release|x86.ActiveCfg = Release|Any CPU
		{D6D8E77F-4B97-4D99-916C-CDF81935DD79}.Debug|Any CPU.ActiveCfg = Debug|Any CPU
		{D6D8E77F-4B97-4D99-916C-CDF81935DD79}.Debug|Any CPU.Build.0 = Debug|Any CPU
		{D6D8E77F-4B97-4D99-916C-CDF81935DD79}.Debug|Mixed Platforms.ActiveCfg = Debug|Any CPU
		{D6D8E77F-4B97-4D99-916C-CDF81935DD79}.Debug|Mixed Platforms.Build.0 = Debug|Any CPU
		{D6D8E77F-4B97-4D99-916C-CDF81935DD79}.Debug|x64.ActiveCfg = Debug|Any CPU
		{D6D8E77F-4B97-4D99-916C-CDF81935DD79}.Debug|x86.ActiveCfg = Debug|Any CPU
		{D6D8E77F-4B97-4D99-916C-CDF81935DD79}.Release|Any CPU.ActiveCfg = Release|Any CPU
		{D6D8E77F-4B97-4D99-916C-CDF81935DD79}.Release|Any CPU.Build.0 = Release|Any CPU
		{D6D8E77F-4B97-4D99-916C-CDF81935DD79}.Release|Mixed Platforms.ActiveCfg = Release|Any CPU
		{D6D8E77F-4B97-4D99-916C-CDF81935DD79}.Release|Mixed Platforms.Build.0 = Release|Any CPU
		{D6D8E77F-4B97-4D99-916C-CDF81935DD79}.Release|x64.ActiveCfg = Release|Any CPU
		{D6D8E77F-4B97-4D99-916C-CDF81935DD79}.Release|x86.ActiveCfg = Release|Any CPU
		{CC2BC865-4E25-4234-A932-B9F25494FF2A}.Debug|Any CPU.ActiveCfg = Debug|Any CPU
		{CC2BC865-4E25-4234-A932-B9F25494FF2A}.Debug|Any CPU.Build.0 = Debug|Any CPU
		{CC2BC865-4E25-4234-A932-B9F25494FF2A}.Debug|Mixed Platforms.ActiveCfg = Debug|Any CPU
		{CC2BC865-4E25-4234-A932-B9F25494FF2A}.Debug|Mixed Platforms.Build.0 = Debug|Any CPU
		{CC2BC865-4E25-4234-A932-B9F25494FF2A}.Debug|x64.ActiveCfg = Debug|Any CPU
		{CC2BC865-4E25-4234-A932-B9F25494FF2A}.Debug|x86.ActiveCfg = Debug|Any CPU
		{CC2BC865-4E25-4234-A932-B9F25494FF2A}.Release|Any CPU.ActiveCfg = Release|Any CPU
		{CC2BC865-4E25-4234-A932-B9F25494FF2A}.Release|Any CPU.Build.0 = Release|Any CPU
		{CC2BC865-4E25-4234-A932-B9F25494FF2A}.Release|Mixed Platforms.ActiveCfg = Release|Any CPU
		{CC2BC865-4E25-4234-A932-B9F25494FF2A}.Release|Mixed Platforms.Build.0 = Release|Any CPU
		{CC2BC865-4E25-4234-A932-B9F25494FF2A}.Release|x64.ActiveCfg = Release|Any CPU
		{CC2BC865-4E25-4234-A932-B9F25494FF2A}.Release|x86.ActiveCfg = Release|Any CPU
		{A439C972-4A5D-419E-AC40-F3912E2A6DFA}.Debug|Any CPU.ActiveCfg = Debug|x64
		{A439C972-4A5D-419E-AC40-F3912E2A6DFA}.Debug|Mixed Platforms.ActiveCfg = Debug|x64
		{A439C972-4A5D-419E-AC40-F3912E2A6DFA}.Debug|Mixed Platforms.Build.0 = Debug|x64
		{A439C972-4A5D-419E-AC40-F3912E2A6DFA}.Debug|x64.ActiveCfg = Debug|x64
		{A439C972-4A5D-419E-AC40-F3912E2A6DFA}.Debug|x64.Build.0 = Debug|x64
		{A439C972-4A5D-419E-AC40-F3912E2A6DFA}.Debug|x86.ActiveCfg = Debug|x64
		{A439C972-4A5D-419E-AC40-F3912E2A6DFA}.Release|Any CPU.ActiveCfg = Release|x64
		{A439C972-4A5D-419E-AC40-F3912E2A6DFA}.Release|Mixed Platforms.ActiveCfg = Release|x64
		{A439C972-4A5D-419E-AC40-F3912E2A6DFA}.Release|Mixed Platforms.Build.0 = Release|x64
		{A439C972-4A5D-419E-AC40-F3912E2A6DFA}.Release|x64.ActiveCfg = Release|x64
		{A439C972-4A5D-419E-AC40-F3912E2A6DFA}.Release|x64.Build.0 = Release|x64
		{A439C972-4A5D-419E-AC40-F3912E2A6DFA}.Release|x86.ActiveCfg = Release|x64
		{25F78609-0F2D-4139-8DB5-6A4CDFC18EAD}.Debug|Any CPU.ActiveCfg = Debug|x64
		{25F78609-0F2D-4139-8DB5-6A4CDFC18EAD}.Debug|Any CPU.Build.0 = Debug|x64
		{25F78609-0F2D-4139-8DB5-6A4CDFC18EAD}.Debug|Mixed Platforms.ActiveCfg = Debug|x64
		{25F78609-0F2D-4139-8DB5-6A4CDFC18EAD}.Debug|Mixed Platforms.Build.0 = Debug|x64
		{25F78609-0F2D-4139-8DB5-6A4CDFC18EAD}.Debug|x64.ActiveCfg = Debug|x64
		{25F78609-0F2D-4139-8DB5-6A4CDFC18EAD}.Debug|x64.Build.0 = Debug|x64
		{25F78609-0F2D-4139-8DB5-6A4CDFC18EAD}.Debug|x86.ActiveCfg = Debug|x64
		{25F78609-0F2D-4139-8DB5-6A4CDFC18EAD}.Release|Any CPU.ActiveCfg = Release|x64
		{25F78609-0F2D-4139-8DB5-6A4CDFC18EAD}.Release|Mixed Platforms.ActiveCfg = Release|x64
		{25F78609-0F2D-4139-8DB5-6A4CDFC18EAD}.Release|Mixed Platforms.Build.0 = Release|x64
		{25F78609-0F2D-4139-8DB5-6A4CDFC18EAD}.Release|x64.ActiveCfg = Release|x64
		{25F78609-0F2D-4139-8DB5-6A4CDFC18EAD}.Release|x64.Build.0 = Release|x64
		{25F78609-0F2D-4139-8DB5-6A4CDFC18EAD}.Release|x86.ActiveCfg = Release|x64
		{87C82689-3A39-4FDC-A3B6-5D6140EC22B1}.Debug|Any CPU.ActiveCfg = Debug|Any CPU
		{87C82689-3A39-4FDC-A3B6-5D6140EC22B1}.Debug|Any CPU.Build.0 = Debug|Any CPU
		{87C82689-3A39-4FDC-A3B6-5D6140EC22B1}.Debug|Mixed Platforms.ActiveCfg = Debug|Any CPU
		{87C82689-3A39-4FDC-A3B6-5D6140EC22B1}.Debug|Mixed Platforms.Build.0 = Debug|Any CPU
		{87C82689-3A39-4FDC-A3B6-5D6140EC22B1}.Debug|x64.ActiveCfg = Debug|Any CPU
		{87C82689-3A39-4FDC-A3B6-5D6140EC22B1}.Debug|x86.ActiveCfg = Debug|Any CPU
		{87C82689-3A39-4FDC-A3B6-5D6140EC22B1}.Release|Any CPU.ActiveCfg = Release|Any CPU
		{87C82689-3A39-4FDC-A3B6-5D6140EC22B1}.Release|Any CPU.Build.0 = Release|Any CPU
		{87C82689-3A39-4FDC-A3B6-5D6140EC22B1}.Release|Mixed Platforms.ActiveCfg = Release|Any CPU
		{87C82689-3A39-4FDC-A3B6-5D6140EC22B1}.Release|Mixed Platforms.Build.0 = Release|Any CPU
		{87C82689-3A39-4FDC-A3B6-5D6140EC22B1}.Release|x64.ActiveCfg = Release|Any CPU
		{87C82689-3A39-4FDC-A3B6-5D6140EC22B1}.Release|x86.ActiveCfg = Release|Any CPU
		{753364AA-9E05-4389-91D2-DC86EE453DEB}.Debug|Any CPU.ActiveCfg = Debug|Any CPU
		{753364AA-9E05-4389-91D2-DC86EE453DEB}.Debug|Any CPU.Build.0 = Debug|Any CPU
		{753364AA-9E05-4389-91D2-DC86EE453DEB}.Debug|Mixed Platforms.ActiveCfg = Debug|Any CPU
		{753364AA-9E05-4389-91D2-DC86EE453DEB}.Debug|Mixed Platforms.Build.0 = Debug|Any CPU
		{753364AA-9E05-4389-91D2-DC86EE453DEB}.Debug|x64.ActiveCfg = Debug|Any CPU
		{753364AA-9E05-4389-91D2-DC86EE453DEB}.Debug|x86.ActiveCfg = Debug|Any CPU
		{753364AA-9E05-4389-91D2-DC86EE453DEB}.Release|Any CPU.ActiveCfg = Release|Any CPU
		{753364AA-9E05-4389-91D2-DC86EE453DEB}.Release|Any CPU.Build.0 = Release|Any CPU
		{753364AA-9E05-4389-91D2-DC86EE453DEB}.Release|Mixed Platforms.ActiveCfg = Release|Any CPU
		{753364AA-9E05-4389-91D2-DC86EE453DEB}.Release|Mixed Platforms.Build.0 = Release|Any CPU
		{753364AA-9E05-4389-91D2-DC86EE453DEB}.Release|x64.ActiveCfg = Release|Any CPU
		{753364AA-9E05-4389-91D2-DC86EE453DEB}.Release|x86.ActiveCfg = Release|Any CPU
	EndGlobalSection
	GlobalSection(SolutionProperties) = preSolution
		HideSolutionNode = FALSE
	EndGlobalSection
	GlobalSection(NestedProjects) = preSolution
		{A2BCF20F-D411-4243-B341-3D944BF6166F} = {B5B0DF8A-9012-49A2-AB5F-B1C159C713D5}
		{530FCA6F-F3C8-401B-8235-73353CF96884} = {A2BCF20F-D411-4243-B341-3D944BF6166F}
	EndGlobalSection
EndGlobal
